
Microsoft Visual Studio Solution File, Format Version 11.00
# Visual Studio 2010
Project("{2150E333-8FDC-42A3-9474-1A3956D46DE8}") = ".nuget", ".nuget", "{D6F7B792-7181-44BB-81F5-74D544396EAD}"
	ProjectSection(SolutionItems) = preProject
		.nuget\NuGet.Config = .nuget\NuGet.Config
		.nuget\NuGet.exe = .nuget\NuGet.exe
		.nuget\NuGet.targets = .nuget\NuGet.targets
	EndProjectSection
EndProject
Project("{FAE04EC0-301F-11D3-BF4B-00C04F79EFBC}") = "SqlMagic.Common", "Projects\SqlMagic.Common\SqlMagic.Common.csproj", "{A169994C-ECF6-4DCE-B618-CB164D72E026}"
EndProject
Project("{FAE04EC0-301F-11D3-BF4B-00C04F79EFBC}") = "SqlMagic.Common.Tests", "Projects\SqlMagic.Common.Tests\SqlMagic.Common.Tests.csproj", "{3E98D6A2-5DEB-41A0-9A73-CC028822224C}"
EndProject
Project("{2150E333-8FDC-42A3-9474-1A3956D46DE8}") = "Solution Items", "Solution Items", "{339A4872-591E-4409-A140-D06F6C35F0DE}"
	ProjectSection(SolutionItems) = preProject
		SqlMagic.testsettings = SqlMagic.testsettings
		SqlMagic.vsmdi = SqlMagic.vsmdi
	EndProjectSection
EndProject
Global
	GlobalSection(TestCaseManagementSettings) = postSolution
		CategoryFile = SqlMagic.vsmdi
	EndGlobalSection
	GlobalSection(SolutionConfigurationPlatforms) = preSolution
		Debug|Any CPU = Debug|Any CPU
		Release|Any CPU = Release|Any CPU
	EndGlobalSection
	GlobalSection(ProjectConfigurationPlatforms) = postSolution
		{A169994C-ECF6-4DCE-B618-CB164D72E026}.Debug|Any CPU.ActiveCfg = Debug|Any CPU
		{A169994C-ECF6-4DCE-B618-CB164D72E026}.Debug|Any CPU.Build.0 = Debug|Any CPU
		{A169994C-ECF6-4DCE-B618-CB164D72E026}.Release|Any CPU.ActiveCfg = Release|Any CPU
		{A169994C-ECF6-4DCE-B618-CB164D72E026}.Release|Any CPU.Build.0 = Release|Any CPU
		{3E98D6A2-5DEB-41A0-9A73-CC028822224C}.Debug|Any CPU.ActiveCfg = Debug|Any CPU
		{3E98D6A2-5DEB-41A0-9A73-CC028822224C}.Debug|Any CPU.Build.0 = Debug|Any CPU
		{3E98D6A2-5DEB-41A0-9A73-CC028822224C}.Release|Any CPU.ActiveCfg = Release|Any CPU
		{3E98D6A2-5DEB-41A0-9A73-CC028822224C}.Release|Any CPU.Build.0 = Release|Any CPU
	EndGlobalSection
	GlobalSection(SolutionProperties) = preSolution
		HideSolutionNode = FALSE
	EndGlobalSection
EndGlobal
